version = 1
revision = 3
requires-python = ">=3.13"

[[package]]
name = "python-constraint2"
version = "2.6.0"
source = { registry = "https://pypi.org/simple" }
sdist = { url = "https://files.pythonhosted.org/packages/d9/2c/8e914e56dc903b1ad5ffedbbae1403713eb3cdf0307e167c11ebd4a907aa/python_constraint2-2.6.0.tar.gz", hash = "sha256:e3725aa8d0febacad36bad1b2b881e51a857f4e3b676643b687ea34c1aff8721", size = 823941, upload-time = "2026-06-29T13:32:53.193Z" }
wheels = [
    { url = "https://files.pythonhosted.org/packages/6b/7f/8080e5548d79dad2af7897f5c20344ce39a82d73ca19dc7b78d333f6104e/python_constraint2-2.6.0-cp313-cp313-macosx_26_0_arm64.whl", hash = "sha256:3407bcaac8bac4a480b6993a607b2632e90c87f6d87fb8cfe90ce7b0cd945cc8", size = 1831514, upload-time = "2026-06-29T13:32:39.83Z" },
    { url = "https://files.pythonhosted.org/packages/83/95/27d86efba46c1065a56e627a85dec95532a36965e54fd790ced3e24b76b8/python_constraint2-2.6.0-cp313-cp313-manylinux_2_35_x86_64.whl", hash = "sha256:b603c1e141d2430cad8406491ee99d8e5efb62a671b3e8a59a2e807253a15d7d", size = 4129813, upload-time = "2026-06-29T13:32:41.661Z" },
    { url = "https://files.pythonhosted.org/packages/da/66/9f18935d72eee87d6ad804037fd05855ea9034d467018c7a486b57584c92/python_constraint2-2.6.0-cp313-cp313-manylinux_2_39_x86_64.whl", hash = "sha256:4e65c238f947ff8420279642fc3b37f497d35fd8c58b69b0ac5165fe2136745b", size = 4265995, upload-time = "2026-06-29T13:32:44.169Z" },
    { url = "https://files.pythonhosted.org/packages/5a/32/d3ab093921d760769135b9d658614bd71ef64c76813319e4382401693039/python_constraint2-2.6.0-cp313-cp313-win_amd64.whl", hash = "sha256:4cb96e780973ba949a19bd74b8c3f5f3ff47b40eec5ec3b0bd30b5ee4c56ecb3", size = 843614, upload-time = "2026-06-29T13:32:45.657Z" },
    { url = "https://files.pythonhosted.org/packages/ba/85/2df4e108dc5dbfbba406dd40c0b8d3793a083a8fb8b4fef4cd6687de0e6e/python_constraint2-2.6.0-cp314-cp314-macosx_26_0_arm64.whl", hash = "sha256:03be6620005919a797d43d14fe4fd761f43b6975a4d89ea523d67dd4d7ed262a", size = 1853664, upload-time = "2026-06-29T13:32:47.058Z" },
    { url = "https://files.pythonhosted.org/packages/1d/7e/9a52d0a13b3fb04ef97d146de9bb49d31731568fb0420404ec78d8ca8253/python_constraint2-2.6.0-cp314-cp314-manylinux_2_35_x86_64.whl", hash = "sha256:52af8ccc18bfd3205c43c2896977a66fe762239794aa4e2a5047cfc9987841e0", size = 4092331, upload-time = "2026-06-29T13:32:48.453Z" },
    { url = "https://files.pythonhosted.org/packages/69/ee/9425e230943d32a7f41cb246d03da7e43d61ee9694865c3d1c914fb7e467/python_constraint2-2.6.0-cp314-cp314-manylinux_2_39_x86_64.whl", hash = "sha256:abd99a3c3069915a9e798431afffd25f53d01c2d3a1ad9a3df10c486893019b6", size = 4235096, upload-time = "2026-06-29T13:32:49.994Z" },
    { url = "https://files.pythonhosted.org/packages/3d/5d/1a5ab77c6d3fe831ca4975f71ba446c948bda0a6a782159e9041c08f234f/python_constraint2-2.6.0-cp314-cp314-win_amd64.whl", hash = "sha256:8f512a49294c35e0aa501ed9d399d8b38bf66b43f234dc1f5204d5a0058e14c0", size = 853186, upload-time = "2026-06-29T13:32:51.631Z" },
]

[[package]]
name = "university-timetable"
version = "0.1.0"
source = { virtual = "." }
dependencies = [
    { name = "python-constraint2" },
]

[package.metadata]
requires-dist = [{ name = "python-constraint2", specifier = ">=2.6.0" }]
